
Microsoft Visual Studio Solution File, Format Version 12.00
# Visual Studio Version 17
VisualStudioVersion = 17.0.31903.59
MinimumVisualStudioVersion = 10.0.40219.1
Project("{FAE04EC0-301F-11D3-BF4B-00C04F79EFBC}") = "Priya_Cement_MVC", "Priya_Cement_MVC\Priya_Cement_MVC.csproj", "{FEE9B49C-D234-4166-9B96-9BF4AC8457CA}"
EndProject
Project("{FAE04EC0-301F-11D3-BF4B-00C04F79EFBC}") = "Core_project_BusinessLogic", "Core_project_BusinessLogic\Core_project_BusinessLogic.csproj", "{47B3D1BA-F090-454A-BC06-04B1C458B93A}"
EndProject
Project("{FAE04EC0-301F-11D3-BF4B-00C04F79EFBC}") = "Priya_cement_BusinessLogic", "Priya_Cement_BusinessLogic\Priya_cement_BusinessLogic.csproj", "{CEA3D4B0-93E0-4552-95AB-6B6E0C9E28B4}"
EndProject
Global
	GlobalSection(SolutionConfigurationPlatforms) = preSolution
		Debug|Any CPU = Debug|Any CPU
		Release|Any CPU = Release|Any CPU
	EndGlobalSection
	GlobalSection(ProjectConfigurationPlatforms) = postSolution
		{FEE9B49C-D234-4166-9B96-9BF4AC8457CA}.Debug|Any CPU.ActiveCfg = Debug|Any CPU
		{FEE9B49C-D234-4166-9B96-9BF4AC8457CA}.Debug|Any CPU.Build.0 = Debug|Any CPU
		{FEE9B49C-D234-4166-9B96-9BF4AC8457CA}.Release|Any CPU.ActiveCfg = Release|Any CPU
		{FEE9B49C-D234-4166-9B96-9BF4AC8457CA}.Release|Any CPU.Build.0 = Release|Any CPU
		{47B3D1BA-F090-454A-BC06-04B1C458B93A}.Debug|Any CPU.ActiveCfg = Debug|Any CPU
		{47B3D1BA-F090-454A-BC06-04B1C458B93A}.Debug|Any CPU.Build.0 = Debug|Any CPU
		{47B3D1BA-F090-454A-BC06-04B1C458B93A}.Release|Any CPU.ActiveCfg = Release|Any CPU
		{47B3D1BA-F090-454A-BC06-04B1C458B93A}.Release|Any CPU.Build.0 = Release|Any CPU
		{CEA3D4B0-93E0-4552-95AB-6B6E0C9E28B4}.Debug|Any CPU.ActiveCfg = Debug|Any CPU
		{CEA3D4B0-93E0-4552-95AB-6B6E0C9E28B4}.Debug|Any CPU.Build.0 = Debug|Any CPU
		{CEA3D4B0-93E0-4552-95AB-6B6E0C9E28B4}.Release|Any CPU.ActiveCfg = Release|Any CPU
		{CEA3D4B0-93E0-4552-95AB-6B6E0C9E28B4}.Release|Any CPU.Build.0 = Release|Any CPU
	EndGlobalSection
	GlobalSection(SolutionProperties) = preSolution
		HideSolutionNode = FALSE
	EndGlobalSection
EndGlobal
